
Microsoft Visual Studio Solution File, Format Version 12.00
# Visual Studio Version 17
VisualStudioVersion = 17.1.32127.271
MinimumVisualStudioVersion = 10.0.40219.1
Project("{FAE04EC0-301F-11D3-BF4B-00C04F79EFBC}") = "Apizr.Tests.Api", "Tests\Apizr.Tests.Api\Apizr.Tests.Api.csproj", "{2A74AD2F-03F3-4831-A77C-F77B2DFBEAF0}"
EndProject
Global
	GlobalSection(SolutionConfigurationPlatforms) = preSolution
		Ad-Hoc|Any CPU = Ad-Hoc|Any CPU
		Ad-Hoc|iPhone = Ad-Hoc|iPhone
		Ad-Hoc|iPhoneSimulator = Ad-Hoc|iPhoneSimulator
		AppStore|Any CPU = AppStore|Any CPU
		AppStore|iPhone = AppStore|iPhone
		AppStore|iPhoneSimulator = AppStore|iPhoneSimulator
		Debug|Any CPU = Debug|Any CPU
		Debug|iPhone = Debug|iPhone
		Debug|iPhoneSimulator = Debug|iPhoneSimulator
		Release|Any CPU = Release|Any CPU
		Release|iPhone = Release|iPhone
		Release|iPhoneSimulator = Release|iPhoneSimulator
	EndGlobalSection
	GlobalSection(ProjectConfigurationPlatforms) = postSolution
		{2A74AD2F-03F3-4831-A77C-F77B2DFBEAF0}.Ad-Hoc|Any CPU.ActiveCfg = Debug|Any CPU
		{2A74AD2F-03F3-4831-A77C-F77B2DFBEAF0}.Ad-Hoc|Any CPU.Build.0 = Debug|Any CPU
		{2A74AD2F-03F3-4831-A77C-F77B2DFBEAF0}.Ad-Hoc|iPhone.ActiveCfg = Debug|Any CPU
		{2A74AD2F-03F3-4831-A77C-F77B2DFBEAF0}.Ad-Hoc|iPhone.Build.0 = Debug|Any CPU
		{2A74AD2F-03F3-4831-A77C-F77B2DFBEAF0}.Ad-Hoc|iPhoneSimulator.ActiveCfg = Debug|Any CPU
		{2A74AD2F-03F3-4831-A77C-F77B2DFBEAF0}.Ad-Hoc|iPhoneSimulator.Build.0 = Debug|Any CPU
		{2A74AD2F-03F3-4831-A77C-F77B2DFBEAF0}.AppStore|Any CPU.ActiveCfg = Debug|Any CPU
		{2A74AD2F-03F3-4831-A77C-F77B2DFBEAF0}.AppStore|Any CPU.Build.0 = Debug|Any CPU
		{2A74AD2F-03F3-4831-A77C-F77B2DFBEAF0}.AppStore|iPhone.ActiveCfg = Debug|Any CPU
		{2A74AD2F-03F3-4831-A77C-F77B2DFBEAF0}.AppStore|iPhone.Build.0 = Debug|Any CPU
		{2A74AD2F-03F3-4831-A77C-F77B2DFBEAF0}.AppStore|iPhoneSimulator.ActiveCfg = Debug|Any CPU
		{2A74AD2F-03F3-4831-A77C-F77B2DFBEAF0}.AppStore|iPhoneSimulator.Build.0 = Debug|Any CPU
		{2A74AD2F-03F3-4831-A77C-F77B2DFBEAF0}.Debug|Any CPU.ActiveCfg = Debug|Any CPU
		{2A74AD2F-03F3-4831-A77C-F77B2DFBEAF0}.Debug|Any CPU.Build.0 = Debug|Any CPU
		{2A74AD2F-03F3-4831-A77C-F77B2DFBEAF0}.Debug|iPhone.ActiveCfg = Debug|Any CPU
		{2A74AD2F-03F3-4831-A77C-F77B2DFBEAF0}.Debug|iPhone.Build.0 = Debug|Any CPU
		{2A74AD2F-03F3-4831-A77C-F77B2DFBEAF0}.Debug|iPhoneSimulator.ActiveCfg = Debug|Any CPU
		{2A74AD2F-03F3-4831-A77C-F77B2DFBEAF0}.Debug|iPhoneSimulator.Build.0 = Debug|Any CPU
		{2A74AD2F-03F3-4831-A77C-F77B2DFBEAF0}.Release|Any CPU.ActiveCfg = Release|Any CPU
		{2A74AD2F-03F3-4831-A77C-F77B2DFBEAF0}.Release|Any CPU.Build.0 = Release|Any CPU
		{2A74AD2F-03F3-4831-A77C-F77B2DFBEAF0}.Release|iPhone.ActiveCfg = Release|Any CPU
		{2A74AD2F-03F3-4831-A77C-F77B2DFBEAF0}.Release|iPhone.Build.0 = Release|Any CPU
		{2A74AD2F-03F3-4831-A77C-F77B2DFBEAF0}.Release|iPhoneSimulator.ActiveCfg = Release|Any CPU
		{2A74AD2F-03F3-4831-A77C-F77B2DFBEAF0}.Release|iPhoneSimulator.Build.0 = Release|Any CPU
	EndGlobalSection
	GlobalSection(SolutionProperties) = preSolution
		HideSolutionNode = FALSE
	EndGlobalSection
	GlobalSection(NestedProjects) = preSolution
		{2A74AD2F-03F3-4831-A77C-F77B2DFBEAF0} = {D14089B6-6DF2-4E5B-A784-82D0920633BE}
	EndGlobalSection
	GlobalSection(ExtensibilityGlobals) = postSolution
		SolutionGuid = {C4997464-B559-4975-857E-17534EA70848}
	EndGlobalSection
EndGlobal
