
Microsoft Visual Studio Solution File, Format Version 12.00
# Visual Studio Version 17
VisualStudioVersion = 17.1.32127.271
MinimumVisualStudioVersion = 10.0.40219.1
Project("{9A19103F-16F7-4668-BE54-9A1E7A4F7556}") = "Apizr", "Apizr\Apizr.csproj", "{B83591E8-0237-4A06-A3C1-4E24FE2C08C3}"
EndProject
Project("{9A19103F-16F7-4668-BE54-9A1E7A4F7556}") = "Apizr.Extensions.Microsoft.DependencyInjection", "Apizr.Extensions.Microsoft.DependencyInjection\Apizr.Extensions.Microsoft.DependencyInjection.csproj", "{F224219D-10FC-4F16-B573-40D4348DE8DD}"
EndProject
Project("{9A19103F-16F7-4668-BE54-9A1E7A4F7556}") = "Apizr.Integrations.Akavache", "Apizr.Integrations.Akavache\Apizr.Integrations.Akavache.csproj", "{C199D5BC-948F-44F0-BF1C-05AED1B9F17B}"
EndProject
Project("{2150E333-8FDC-42A3-9474-1A3956D46DE8}") = "Samples", "Samples", "{706512A0-2806-46AA-B6C9-FAE8993BFFD1}"
EndProject
Project("{9A19103F-16F7-4668-BE54-9A1E7A4F7556}") = "Apizr.Sample.Console", "Samples\Apizr.Sample.Console\Apizr.Sample.Console.csproj", "{715BA20D-E780-4E20-8372-9B063A5A6950}"
EndProject
Project("{9A19103F-16F7-4668-BE54-9A1E7A4F7556}") = "Apizr.Sample", "Samples\Apizr.Sample\Apizr.Sample.csproj", "{A1B6BAD5-EFB9-44CF-9D98-7B42B57F12BC}"
EndProject
Project("{2150E333-8FDC-42A3-9474-1A3956D46DE8}") = "Forms", "Forms", "{F99D47FF-E175-4BB7-BA1D-D1FB217BEBAC}"
EndProject
Project("{9A19103F-16F7-4668-BE54-9A1E7A4F7556}") = "Apizr.Integrations.MonkeyCache", "Apizr.Integrations.MonkeyCache\Apizr.Integrations.MonkeyCache.csproj", "{B195F1B3-21BA-4711-BB05-60546D5ABDD1}"
EndProject
Project("{9A19103F-16F7-4668-BE54-9A1E7A4F7556}") = "Apizr.Integrations.MediatR", "Apizr.Integrations.MediatR\Apizr.Integrations.MediatR.csproj", "{EC9CAEE4-7D6E-463D-8CF0-3B89F95470B6}"
EndProject
Project("{9A19103F-16F7-4668-BE54-9A1E7A4F7556}") = "Apizr.Integrations.Optional", "Apizr.Integrations.Optional\Apizr.Integrations.Optional.csproj", "{E56C1A48-6B04-48A3-B94C-401AA4D3556C}"
EndProject
Project("{9A19103F-16F7-4668-BE54-9A1E7A4F7556}") = "Apizr.Integrations.AutoMapper", "Apizr.Integrations.AutoMapper\Apizr.Integrations.AutoMapper.csproj", "{342CDF80-F325-4824-932A-B76B65021002}"
EndProject
Project("{9A19103F-16F7-4668-BE54-9A1E7A4F7556}") = "Apizr.Integrations.Fusillade", "Apizr.Integrations.Fusillade\Apizr.Integrations.Fusillade.csproj", "{A44438AD-5410-4735-BD37-C87202600B37}"
EndProject
Project("{9A19103F-16F7-4668-BE54-9A1E7A4F7556}") = "Apizr.Extensions.Microsoft.Caching", "Apizr.Extensions.Microsoft.Caching\Apizr.Extensions.Microsoft.Caching.csproj", "{8DC7D75E-D835-4857-84C0-B66AEDE44A9A}"
EndProject
Project("{2150E333-8FDC-42A3-9474-1A3956D46DE8}") = "Tests", "Tests", "{D14089B6-6DF2-4E5B-A784-82D0920633BE}"
EndProject
Project("{9A19103F-16F7-4668-BE54-9A1E7A4F7556}") = "Apizr.Tests", "Tests\Apizr.Tests\Apizr.Tests.csproj", "{1D5DF474-E814-4161-A1B1-AE0F45625F90}"
EndProject
Project("{2150E333-8FDC-42A3-9474-1A3956D46DE8}") = "Docs", "Docs", "{0E442DC8-5726-4DBC-989D-F6CE20287458}"
EndProject
Project("{9A19103F-16F7-4668-BE54-9A1E7A4F7556}") = "Apizr.Docs", "Docs\Apizr.Docs\Apizr.Docs.csproj", "{7C006BD3-F95F-4F9A-B1CB-FDA830B226F9}"
EndProject
Project("{2150E333-8FDC-42A3-9474-1A3956D46DE8}") = "MAUI", "MAUI", "{B2B37A1E-EA3C-44C6-A397-BD08452BAF85}"
EndProject
Project("{9A19103F-16F7-4668-BE54-9A1E7A4F7556}") = "Apizr.Sample.Forms", "Samples\Apizr.Sample.Forms\Apizr.Sample.Forms\Apizr.Sample.Forms.csproj", "{E7FA2474-7B19-47AE-ABCE-7F5948D3A7B1}"
EndProject
Project("{FAE04EC0-301F-11D3-BF4B-00C04F79EFBC}") = "Apizr.Sample.Forms.Android", "Samples\Apizr.Sample.Forms\Apizr.Sample.Forms.Android\Apizr.Sample.Forms.Android.csproj", "{0DD1F473-2487-4904-B75F-D760B4EFEF0C}"
EndProject
Project("{FAE04EC0-301F-11D3-BF4B-00C04F79EFBC}") = "Apizr.Sample.Forms.iOS", "Samples\Apizr.Sample.Forms\Apizr.Sample.Forms.iOS\Apizr.Sample.Forms.iOS.csproj", "{CF4713C8-F8FE-4ADA-8337-94FEF9523931}"
EndProject
Project("{9A19103F-16F7-4668-BE54-9A1E7A4F7556}") = "Apizr.Sample.MAUI", "Samples\Apizr.Sample.MAUI\Apizr.Sample.MAUI.csproj", "{AC9E8B5D-24A3-43CD-AB7D-298D07F81B9D}"
EndProject
Global
	GlobalSection(SolutionConfigurationPlatforms) = preSolution
		Ad-Hoc|Any CPU = Ad-Hoc|Any CPU
		Ad-Hoc|iPhone = Ad-Hoc|iPhone
		Ad-Hoc|iPhoneSimulator = Ad-Hoc|iPhoneSimulator
		AppStore|Any CPU = AppStore|Any CPU
		AppStore|iPhone = AppStore|iPhone
		AppStore|iPhoneSimulator = AppStore|iPhoneSimulator
		Debug|Any CPU = Debug|Any CPU
		Debug|iPhone = Debug|iPhone
		Debug|iPhoneSimulator = Debug|iPhoneSimulator
		Release|Any CPU = Release|Any CPU
		Release|iPhone = Release|iPhone
		Release|iPhoneSimulator = Release|iPhoneSimulator
	EndGlobalSection
	GlobalSection(ProjectConfigurationPlatforms) = postSolution
		{B83591E8-0237-4A06-A3C1-4E24FE2C08C3}.Ad-Hoc|Any CPU.ActiveCfg = Release|Any CPU
		{B83591E8-0237-4A06-A3C1-4E24FE2C08C3}.Ad-Hoc|Any CPU.Build.0 = Release|Any CPU
		{B83591E8-0237-4A06-A3C1-4E24FE2C08C3}.Ad-Hoc|iPhone.ActiveCfg = Release|Any CPU
		{B83591E8-0237-4A06-A3C1-4E24FE2C08C3}.Ad-Hoc|iPhone.Build.0 = Release|Any CPU
		{B83591E8-0237-4A06-A3C1-4E24FE2C08C3}.Ad-Hoc|iPhoneSimulator.ActiveCfg = Release|Any CPU
		{B83591E8-0237-4A06-A3C1-4E24FE2C08C3}.Ad-Hoc|iPhoneSimulator.Build.0 = Release|Any CPU
		{B83591E8-0237-4A06-A3C1-4E24FE2C08C3}.AppStore|Any CPU.ActiveCfg = Release|Any CPU
		{B83591E8-0237-4A06-A3C1-4E24FE2C08C3}.AppStore|Any CPU.Build.0 = Release|Any CPU
		{B83591E8-0237-4A06-A3C1-4E24FE2C08C3}.AppStore|iPhone.ActiveCfg = Release|Any CPU
		{B83591E8-0237-4A06-A3C1-4E24FE2C08C3}.AppStore|iPhone.Build.0 = Release|Any CPU
		{B83591E8-0237-4A06-A3C1-4E24FE2C08C3}.AppStore|iPhoneSimulator.ActiveCfg = Release|Any CPU
		{B83591E8-0237-4A06-A3C1-4E24FE2C08C3}.AppStore|iPhoneSimulator.Build.0 = Release|Any CPU
		{B83591E8-0237-4A06-A3C1-4E24FE2C08C3}.Debug|Any CPU.ActiveCfg = Debug|Any CPU
		{B83591E8-0237-4A06-A3C1-4E24FE2C08C3}.Debug|Any CPU.Build.0 = Debug|Any CPU
		{B83591E8-0237-4A06-A3C1-4E24FE2C08C3}.Debug|iPhone.ActiveCfg = Debug|Any CPU
		{B83591E8-0237-4A06-A3C1-4E24FE2C08C3}.Debug|iPhone.Build.0 = Debug|Any CPU
		{B83591E8-0237-4A06-A3C1-4E24FE2C08C3}.Debug|iPhoneSimulator.ActiveCfg = Debug|Any CPU
		{B83591E8-0237-4A06-A3C1-4E24FE2C08C3}.Debug|iPhoneSimulator.Build.0 = Debug|Any CPU
		{B83591E8-0237-4A06-A3C1-4E24FE2C08C3}.Release|Any CPU.ActiveCfg = Release|Any CPU
		{B83591E8-0237-4A06-A3C1-4E24FE2C08C3}.Release|Any CPU.Build.0 = Release|Any CPU
		{B83591E8-0237-4A06-A3C1-4E24FE2C08C3}.Release|iPhone.ActiveCfg = Release|Any CPU
		{B83591E8-0237-4A06-A3C1-4E24FE2C08C3}.Release|iPhone.Build.0 = Release|Any CPU
		{B83591E8-0237-4A06-A3C1-4E24FE2C08C3}.Release|iPhoneSimulator.ActiveCfg = Release|Any CPU
		{B83591E8-0237-4A06-A3C1-4E24FE2C08C3}.Release|iPhoneSimulator.Build.0 = Release|Any CPU
		{F224219D-10FC-4F16-B573-40D4348DE8DD}.Ad-Hoc|Any CPU.ActiveCfg = Release|Any CPU
		{F224219D-10FC-4F16-B573-40D4348DE8DD}.Ad-Hoc|Any CPU.Build.0 = Release|Any CPU
		{F224219D-10FC-4F16-B573-40D4348DE8DD}.Ad-Hoc|iPhone.ActiveCfg = Release|Any CPU
		{F224219D-10FC-4F16-B573-40D4348DE8DD}.Ad-Hoc|iPhone.Build.0 = Release|Any CPU
		{F224219D-10FC-4F16-B573-40D4348DE8DD}.Ad-Hoc|iPhoneSimulator.ActiveCfg = Release|Any CPU
		{F224219D-10FC-4F16-B573-40D4348DE8DD}.Ad-Hoc|iPhoneSimulator.Build.0 = Release|Any CPU
		{F224219D-10FC-4F16-B573-40D4348DE8DD}.AppStore|Any CPU.ActiveCfg = Release|Any CPU
		{F224219D-10FC-4F16-B573-40D4348DE8DD}.AppStore|Any CPU.Build.0 = Release|Any CPU
		{F224219D-10FC-4F16-B573-40D4348DE8DD}.AppStore|iPhone.ActiveCfg = Release|Any CPU
		{F224219D-10FC-4F16-B573-40D4348DE8DD}.AppStore|iPhone.Build.0 = Release|Any CPU
		{F224219D-10FC-4F16-B573-40D4348DE8DD}.AppStore|iPhoneSimulator.ActiveCfg = Release|Any CPU
		{F224219D-10FC-4F16-B573-40D4348DE8DD}.AppStore|iPhoneSimulator.Build.0 = Release|Any CPU
		{F224219D-10FC-4F16-B573-40D4348DE8DD}.Debug|Any CPU.ActiveCfg = Debug|Any CPU
		{F224219D-10FC-4F16-B573-40D4348DE8DD}.Debug|Any CPU.Build.0 = Debug|Any CPU
		{F224219D-10FC-4F16-B573-40D4348DE8DD}.Debug|iPhone.ActiveCfg = Debug|Any CPU
		{F224219D-10FC-4F16-B573-40D4348DE8DD}.Debug|iPhone.Build.0 = Debug|Any CPU
		{F224219D-10FC-4F16-B573-40D4348DE8DD}.Debug|iPhoneSimulator.ActiveCfg = Debug|Any CPU
		{F224219D-10FC-4F16-B573-40D4348DE8DD}.Debug|iPhoneSimulator.Build.0 = Debug|Any CPU
		{F224219D-10FC-4F16-B573-40D4348DE8DD}.Release|Any CPU.ActiveCfg = Release|Any CPU
		{F224219D-10FC-4F16-B573-40D4348DE8DD}.Release|Any CPU.Build.0 = Release|Any CPU
		{F224219D-10FC-4F16-B573-40D4348DE8DD}.Release|iPhone.ActiveCfg = Release|Any CPU
		{F224219D-10FC-4F16-B573-40D4348DE8DD}.Release|iPhone.Build.0 = Release|Any CPU
		{F224219D-10FC-4F16-B573-40D4348DE8DD}.Release|iPhoneSimulator.ActiveCfg = Release|Any CPU
		{F224219D-10FC-4F16-B573-40D4348DE8DD}.Release|iPhoneSimulator.Build.0 = Release|Any CPU
		{C199D5BC-948F-44F0-BF1C-05AED1B9F17B}.Ad-Hoc|Any CPU.ActiveCfg = Release|Any CPU
		{C199D5BC-948F-44F0-BF1C-05AED1B9F17B}.Ad-Hoc|Any CPU.Build.0 = Release|Any CPU
		{C199D5BC-948F-44F0-BF1C-05AED1B9F17B}.Ad-Hoc|iPhone.ActiveCfg = Release|Any CPU
		{C199D5BC-948F-44F0-BF1C-05AED1B9F17B}.Ad-Hoc|iPhone.Build.0 = Release|Any CPU
		{C199D5BC-948F-44F0-BF1C-05AED1B9F17B}.Ad-Hoc|iPhoneSimulator.ActiveCfg = Release|Any CPU
		{C199D5BC-948F-44F0-BF1C-05AED1B9F17B}.Ad-Hoc|iPhoneSimulator.Build.0 = Release|Any CPU
		{C199D5BC-948F-44F0-BF1C-05AED1B9F17B}.AppStore|Any CPU.ActiveCfg = Release|Any CPU
		{C199D5BC-948F-44F0-BF1C-05AED1B9F17B}.AppStore|Any CPU.Build.0 = Release|Any CPU
		{C199D5BC-948F-44F0-BF1C-05AED1B9F17B}.AppStore|iPhone.ActiveCfg = Release|Any CPU
		{C199D5BC-948F-44F0-BF1C-05AED1B9F17B}.AppStore|iPhone.Build.0 = Release|Any CPU
		{C199D5BC-948F-44F0-BF1C-05AED1B9F17B}.AppStore|iPhoneSimulator.ActiveCfg = Release|Any CPU
		{C199D5BC-948F-44F0-BF1C-05AED1B9F17B}.AppStore|iPhoneSimulator.Build.0 = Release|Any CPU
		{C199D5BC-948F-44F0-BF1C-05AED1B9F17B}.Debug|Any CPU.ActiveCfg = Debug|Any CPU
		{C199D5BC-948F-44F0-BF1C-05AED1B9F17B}.Debug|Any CPU.Build.0 = Debug|Any CPU
		{C199D5BC-948F-44F0-BF1C-05AED1B9F17B}.Debug|iPhone.ActiveCfg = Debug|Any CPU
		{C199D5BC-948F-44F0-BF1C-05AED1B9F17B}.Debug|iPhone.Build.0 = Debug|Any CPU
		{C199D5BC-948F-44F0-BF1C-05AED1B9F17B}.Debug|iPhoneSimulator.ActiveCfg = Debug|Any CPU
		{C199D5BC-948F-44F0-BF1C-05AED1B9F17B}.Debug|iPhoneSimulator.Build.0 = Debug|Any CPU
		{C199D5BC-948F-44F0-BF1C-05AED1B9F17B}.Release|Any CPU.ActiveCfg = Release|Any CPU
		{C199D5BC-948F-44F0-BF1C-05AED1B9F17B}.Release|Any CPU.Build.0 = Release|Any CPU
		{C199D5BC-948F-44F0-BF1C-05AED1B9F17B}.Release|iPhone.ActiveCfg = Release|Any CPU
		{C199D5BC-948F-44F0-BF1C-05AED1B9F17B}.Release|iPhone.Build.0 = Release|Any CPU
		{C199D5BC-948F-44F0-BF1C-05AED1B9F17B}.Release|iPhoneSimulator.ActiveCfg = Release|Any CPU
		{C199D5BC-948F-44F0-BF1C-05AED1B9F17B}.Release|iPhoneSimulator.Build.0 = Release|Any CPU
		{715BA20D-E780-4E20-8372-9B063A5A6950}.Ad-Hoc|Any CPU.ActiveCfg = Release|Any CPU
		{715BA20D-E780-4E20-8372-9B063A5A6950}.Ad-Hoc|Any CPU.Build.0 = Release|Any CPU
		{715BA20D-E780-4E20-8372-9B063A5A6950}.Ad-Hoc|iPhone.ActiveCfg = Release|Any CPU
		{715BA20D-E780-4E20-8372-9B063A5A6950}.Ad-Hoc|iPhone.Build.0 = Release|Any CPU
		{715BA20D-E780-4E20-8372-9B063A5A6950}.Ad-Hoc|iPhoneSimulator.ActiveCfg = Release|Any CPU
		{715BA20D-E780-4E20-8372-9B063A5A6950}.Ad-Hoc|iPhoneSimulator.Build.0 = Release|Any CPU
		{715BA20D-E780-4E20-8372-9B063A5A6950}.AppStore|Any CPU.ActiveCfg = Release|Any CPU
		{715BA20D-E780-4E20-8372-9B063A5A6950}.AppStore|Any CPU.Build.0 = Release|Any CPU
		{715BA20D-E780-4E20-8372-9B063A5A6950}.AppStore|iPhone.ActiveCfg = Release|Any CPU
		{715BA20D-E780-4E20-8372-9B063A5A6950}.AppStore|iPhone.Build.0 = Release|Any CPU
		{715BA20D-E780-4E20-8372-9B063A5A6950}.AppStore|iPhoneSimulator.ActiveCfg = Release|Any CPU
		{715BA20D-E780-4E20-8372-9B063A5A6950}.AppStore|iPhoneSimulator.Build.0 = Release|Any CPU
		{715BA20D-E780-4E20-8372-9B063A5A6950}.Debug|Any CPU.ActiveCfg = Debug|Any CPU
		{715BA20D-E780-4E20-8372-9B063A5A6950}.Debug|Any CPU.Build.0 = Debug|Any CPU
		{715BA20D-E780-4E20-8372-9B063A5A6950}.Debug|iPhone.ActiveCfg = Debug|Any CPU
		{715BA20D-E780-4E20-8372-9B063A5A6950}.Debug|iPhone.Build.0 = Debug|Any CPU
		{715BA20D-E780-4E20-8372-9B063A5A6950}.Debug|iPhoneSimulator.ActiveCfg = Debug|Any CPU
		{715BA20D-E780-4E20-8372-9B063A5A6950}.Debug|iPhoneSimulator.Build.0 = Debug|Any CPU
		{715BA20D-E780-4E20-8372-9B063A5A6950}.Release|Any CPU.ActiveCfg = Release|Any CPU
		{715BA20D-E780-4E20-8372-9B063A5A6950}.Release|Any CPU.Build.0 = Release|Any CPU
		{715BA20D-E780-4E20-8372-9B063A5A6950}.Release|iPhone.ActiveCfg = Release|Any CPU
		{715BA20D-E780-4E20-8372-9B063A5A6950}.Release|iPhone.Build.0 = Release|Any CPU
		{715BA20D-E780-4E20-8372-9B063A5A6950}.Release|iPhoneSimulator.ActiveCfg = Release|Any CPU
		{715BA20D-E780-4E20-8372-9B063A5A6950}.Release|iPhoneSimulator.Build.0 = Release|Any CPU
		{A1B6BAD5-EFB9-44CF-9D98-7B42B57F12BC}.Ad-Hoc|Any CPU.ActiveCfg = Release|Any CPU
		{A1B6BAD5-EFB9-44CF-9D98-7B42B57F12BC}.Ad-Hoc|Any CPU.Build.0 = Release|Any CPU
		{A1B6BAD5-EFB9-44CF-9D98-7B42B57F12BC}.Ad-Hoc|iPhone.ActiveCfg = Release|Any CPU
		{A1B6BAD5-EFB9-44CF-9D98-7B42B57F12BC}.Ad-Hoc|iPhone.Build.0 = Release|Any CPU
		{A1B6BAD5-EFB9-44CF-9D98-7B42B57F12BC}.Ad-Hoc|iPhoneSimulator.ActiveCfg = Release|Any CPU
		{A1B6BAD5-EFB9-44CF-9D98-7B42B57F12BC}.Ad-Hoc|iPhoneSimulator.Build.0 = Release|Any CPU
		{A1B6BAD5-EFB9-44CF-9D98-7B42B57F12BC}.AppStore|Any CPU.ActiveCfg = Release|Any CPU
		{A1B6BAD5-EFB9-44CF-9D98-7B42B57F12BC}.AppStore|Any CPU.Build.0 = Release|Any CPU
		{A1B6BAD5-EFB9-44CF-9D98-7B42B57F12BC}.AppStore|iPhone.ActiveCfg = Release|Any CPU
		{A1B6BAD5-EFB9-44CF-9D98-7B42B57F12BC}.AppStore|iPhone.Build.0 = Release|Any CPU
		{A1B6BAD5-EFB9-44CF-9D98-7B42B57F12BC}.AppStore|iPhoneSimulator.ActiveCfg = Release|Any CPU
		{A1B6BAD5-EFB9-44CF-9D98-7B42B57F12BC}.AppStore|iPhoneSimulator.Build.0 = Release|Any CPU
		{A1B6BAD5-EFB9-44CF-9D98-7B42B57F12BC}.Debug|Any CPU.ActiveCfg = Debug|Any CPU
		{A1B6BAD5-EFB9-44CF-9D98-7B42B57F12BC}.Debug|Any CPU.Build.0 = Debug|Any CPU
		{A1B6BAD5-EFB9-44CF-9D98-7B42B57F12BC}.Debug|iPhone.ActiveCfg = Debug|Any CPU
		{A1B6BAD5-EFB9-44CF-9D98-7B42B57F12BC}.Debug|iPhone.Build.0 = Debug|Any CPU
		{A1B6BAD5-EFB9-44CF-9D98-7B42B57F12BC}.Debug|iPhoneSimulator.ActiveCfg = Debug|Any CPU
		{A1B6BAD5-EFB9-44CF-9D98-7B42B57F12BC}.Debug|iPhoneSimulator.Build.0 = Debug|Any CPU
		{A1B6BAD5-EFB9-44CF-9D98-7B42B57F12BC}.Release|Any CPU.ActiveCfg = Release|Any CPU
		{A1B6BAD5-EFB9-44CF-9D98-7B42B57F12BC}.Release|Any CPU.Build.0 = Release|Any CPU
		{A1B6BAD5-EFB9-44CF-9D98-7B42B57F12BC}.Release|iPhone.ActiveCfg = Release|Any CPU
		{A1B6BAD5-EFB9-44CF-9D98-7B42B57F12BC}.Release|iPhone.Build.0 = Release|Any CPU
		{A1B6BAD5-EFB9-44CF-9D98-7B42B57F12BC}.Release|iPhoneSimulator.ActiveCfg = Release|Any CPU
		{A1B6BAD5-EFB9-44CF-9D98-7B42B57F12BC}.Release|iPhoneSimulator.Build.0 = Release|Any CPU
		{B195F1B3-21BA-4711-BB05-60546D5ABDD1}.Ad-Hoc|Any CPU.ActiveCfg = Debug|Any CPU
		{B195F1B3-21BA-4711-BB05-60546D5ABDD1}.Ad-Hoc|Any CPU.Build.0 = Debug|Any CPU
		{B195F1B3-21BA-4711-BB05-60546D5ABDD1}.Ad-Hoc|iPhone.ActiveCfg = Debug|Any CPU
		{B195F1B3-21BA-4711-BB05-60546D5ABDD1}.Ad-Hoc|iPhone.Build.0 = Debug|Any CPU
		{B195F1B3-21BA-4711-BB05-60546D5ABDD1}.Ad-Hoc|iPhoneSimulator.ActiveCfg = Debug|Any CPU
		{B195F1B3-21BA-4711-BB05-60546D5ABDD1}.Ad-Hoc|iPhoneSimulator.Build.0 = Debug|Any CPU
		{B195F1B3-21BA-4711-BB05-60546D5ABDD1}.AppStore|Any CPU.ActiveCfg = Debug|Any CPU
		{B195F1B3-21BA-4711-BB05-60546D5ABDD1}.AppStore|Any CPU.Build.0 = Debug|Any CPU
		{B195F1B3-21BA-4711-BB05-60546D5ABDD1}.AppStore|iPhone.ActiveCfg = Debug|Any CPU
		{B195F1B3-21BA-4711-BB05-60546D5ABDD1}.AppStore|iPhone.Build.0 = Debug|Any CPU
		{B195F1B3-21BA-4711-BB05-60546D5ABDD1}.AppStore|iPhoneSimulator.ActiveCfg = Debug|Any CPU
		{B195F1B3-21BA-4711-BB05-60546D5ABDD1}.AppStore|iPhoneSimulator.Build.0 = Debug|Any CPU
		{B195F1B3-21BA-4711-BB05-60546D5ABDD1}.Debug|Any CPU.ActiveCfg = Debug|Any CPU
		{B195F1B3-21BA-4711-BB05-60546D5ABDD1}.Debug|Any CPU.Build.0 = Debug|Any CPU
		{B195F1B3-21BA-4711-BB05-60546D5ABDD1}.Debug|iPhone.ActiveCfg = Debug|Any CPU
		{B195F1B3-21BA-4711-BB05-60546D5ABDD1}.Debug|iPhone.Build.0 = Debug|Any CPU
		{B195F1B3-21BA-4711-BB05-60546D5ABDD1}.Debug|iPhoneSimulator.ActiveCfg = Debug|Any CPU
		{B195F1B3-21BA-4711-BB05-60546D5ABDD1}.Debug|iPhoneSimulator.Build.0 = Debug|Any CPU
		{B195F1B3-21BA-4711-BB05-60546D5ABDD1}.Release|Any CPU.ActiveCfg = Release|Any CPU
		{B195F1B3-21BA-4711-BB05-60546D5ABDD1}.Release|Any CPU.Build.0 = Release|Any CPU
		{B195F1B3-21BA-4711-BB05-60546D5ABDD1}.Release|iPhone.ActiveCfg = Release|Any CPU
		{B195F1B3-21BA-4711-BB05-60546D5ABDD1}.Release|iPhone.Build.0 = Release|Any CPU
		{B195F1B3-21BA-4711-BB05-60546D5ABDD1}.Release|iPhoneSimulator.ActiveCfg = Release|Any CPU
		{B195F1B3-21BA-4711-BB05-60546D5ABDD1}.Release|iPhoneSimulator.Build.0 = Release|Any CPU
		{EC9CAEE4-7D6E-463D-8CF0-3B89F95470B6}.Ad-Hoc|Any CPU.ActiveCfg = Debug|Any CPU
		{EC9CAEE4-7D6E-463D-8CF0-3B89F95470B6}.Ad-Hoc|Any CPU.Build.0 = Debug|Any CPU
		{EC9CAEE4-7D6E-463D-8CF0-3B89F95470B6}.Ad-Hoc|iPhone.ActiveCfg = Debug|Any CPU
		{EC9CAEE4-7D6E-463D-8CF0-3B89F95470B6}.Ad-Hoc|iPhone.Build.0 = Debug|Any CPU
		{EC9CAEE4-7D6E-463D-8CF0-3B89F95470B6}.Ad-Hoc|iPhoneSimulator.ActiveCfg = Debug|Any CPU
		{EC9CAEE4-7D6E-463D-8CF0-3B89F95470B6}.Ad-Hoc|iPhoneSimulator.Build.0 = Debug|Any CPU
		{EC9CAEE4-7D6E-463D-8CF0-3B89F95470B6}.AppStore|Any CPU.ActiveCfg = Debug|Any CPU
		{EC9CAEE4-7D6E-463D-8CF0-3B89F95470B6}.AppStore|Any CPU.Build.0 = Debug|Any CPU
		{EC9CAEE4-7D6E-463D-8CF0-3B89F95470B6}.AppStore|iPhone.ActiveCfg = Debug|Any CPU
		{EC9CAEE4-7D6E-463D-8CF0-3B89F95470B6}.AppStore|iPhone.Build.0 = Debug|Any CPU
		{EC9CAEE4-7D6E-463D-8CF0-3B89F95470B6}.AppStore|iPhoneSimulator.ActiveCfg = Debug|Any CPU
		{EC9CAEE4-7D6E-463D-8CF0-3B89F95470B6}.AppStore|iPhoneSimulator.Build.0 = Debug|Any CPU
		{EC9CAEE4-7D6E-463D-8CF0-3B89F95470B6}.Debug|Any CPU.ActiveCfg = Debug|Any CPU
		{EC9CAEE4-7D6E-463D-8CF0-3B89F95470B6}.Debug|Any CPU.Build.0 = Debug|Any CPU
		{EC9CAEE4-7D6E-463D-8CF0-3B89F95470B6}.Debug|iPhone.ActiveCfg = Debug|Any CPU
		{EC9CAEE4-7D6E-463D-8CF0-3B89F95470B6}.Debug|iPhone.Build.0 = Debug|Any CPU
		{EC9CAEE4-7D6E-463D-8CF0-3B89F95470B6}.Debug|iPhoneSimulator.ActiveCfg = Debug|Any CPU
		{EC9CAEE4-7D6E-463D-8CF0-3B89F95470B6}.Debug|iPhoneSimulator.Build.0 = Debug|Any CPU
		{EC9CAEE4-7D6E-463D-8CF0-3B89F95470B6}.Release|Any CPU.ActiveCfg = Release|Any CPU
		{EC9CAEE4-7D6E-463D-8CF0-3B89F95470B6}.Release|Any CPU.Build.0 = Release|Any CPU
		{EC9CAEE4-7D6E-463D-8CF0-3B89F95470B6}.Release|iPhone.ActiveCfg = Release|Any CPU
		{EC9CAEE4-7D6E-463D-8CF0-3B89F95470B6}.Release|iPhone.Build.0 = Release|Any CPU
		{EC9CAEE4-7D6E-463D-8CF0-3B89F95470B6}.Release|iPhoneSimulator.ActiveCfg = Release|Any CPU
		{EC9CAEE4-7D6E-463D-8CF0-3B89F95470B6}.Release|iPhoneSimulator.Build.0 = Release|Any CPU
		{E56C1A48-6B04-48A3-B94C-401AA4D3556C}.Ad-Hoc|Any CPU.ActiveCfg = Debug|Any CPU
		{E56C1A48-6B04-48A3-B94C-401AA4D3556C}.Ad-Hoc|Any CPU.Build.0 = Debug|Any CPU
		{E56C1A48-6B04-48A3-B94C-401AA4D3556C}.Ad-Hoc|iPhone.ActiveCfg = Debug|Any CPU
		{E56C1A48-6B04-48A3-B94C-401AA4D3556C}.Ad-Hoc|iPhone.Build.0 = Debug|Any CPU
		{E56C1A48-6B04-48A3-B94C-401AA4D3556C}.Ad-Hoc|iPhoneSimulator.ActiveCfg = Debug|Any CPU
		{E56C1A48-6B04-48A3-B94C-401AA4D3556C}.Ad-Hoc|iPhoneSimulator.Build.0 = Debug|Any CPU
		{E56C1A48-6B04-48A3-B94C-401AA4D3556C}.AppStore|Any CPU.ActiveCfg = Debug|Any CPU
		{E56C1A48-6B04-48A3-B94C-401AA4D3556C}.AppStore|Any CPU.Build.0 = Debug|Any CPU
		{E56C1A48-6B04-48A3-B94C-401AA4D3556C}.AppStore|iPhone.ActiveCfg = Debug|Any CPU
		{E56C1A48-6B04-48A3-B94C-401AA4D3556C}.AppStore|iPhone.Build.0 = Debug|Any CPU
		{E56C1A48-6B04-48A3-B94C-401AA4D3556C}.AppStore|iPhoneSimulator.ActiveCfg = Debug|Any CPU
		{E56C1A48-6B04-48A3-B94C-401AA4D3556C}.AppStore|iPhoneSimulator.Build.0 = Debug|Any CPU
		{E56C1A48-6B04-48A3-B94C-401AA4D3556C}.Debug|Any CPU.ActiveCfg = Debug|Any CPU
		{E56C1A48-6B04-48A3-B94C-401AA4D3556C}.Debug|Any CPU.Build.0 = Debug|Any CPU
		{E56C1A48-6B04-48A3-B94C-401AA4D3556C}.Debug|iPhone.ActiveCfg = Debug|Any CPU
		{E56C1A48-6B04-48A3-B94C-401AA4D3556C}.Debug|iPhone.Build.0 = Debug|Any CPU
		{E56C1A48-6B04-48A3-B94C-401AA4D3556C}.Debug|iPhoneSimulator.ActiveCfg = Debug|Any CPU
		{E56C1A48-6B04-48A3-B94C-401AA4D3556C}.Debug|iPhoneSimulator.Build.0 = Debug|Any CPU
		{E56C1A48-6B04-48A3-B94C-401AA4D3556C}.Release|Any CPU.ActiveCfg = Release|Any CPU
		{E56C1A48-6B04-48A3-B94C-401AA4D3556C}.Release|Any CPU.Build.0 = Release|Any CPU
		{E56C1A48-6B04-48A3-B94C-401AA4D3556C}.Release|iPhone.ActiveCfg = Release|Any CPU
		{E56C1A48-6B04-48A3-B94C-401AA4D3556C}.Release|iPhone.Build.0 = Release|Any CPU
		{E56C1A48-6B04-48A3-B94C-401AA4D3556C}.Release|iPhoneSimulator.ActiveCfg = Release|Any CPU
		{E56C1A48-6B04-48A3-B94C-401AA4D3556C}.Release|iPhoneSimulator.Build.0 = Release|Any CPU
		{342CDF80-F325-4824-932A-B76B65021002}.Ad-Hoc|Any CPU.ActiveCfg = Debug|Any CPU
		{342CDF80-F325-4824-932A-B76B65021002}.Ad-Hoc|Any CPU.Build.0 = Debug|Any CPU
		{342CDF80-F325-4824-932A-B76B65021002}.Ad-Hoc|iPhone.ActiveCfg = Debug|Any CPU
		{342CDF80-F325-4824-932A-B76B65021002}.Ad-Hoc|iPhone.Build.0 = Debug|Any CPU
		{342CDF80-F325-4824-932A-B76B65021002}.Ad-Hoc|iPhoneSimulator.ActiveCfg = Debug|Any CPU
		{342CDF80-F325-4824-932A-B76B65021002}.Ad-Hoc|iPhoneSimulator.Build.0 = Debug|Any CPU
		{342CDF80-F325-4824-932A-B76B65021002}.AppStore|Any CPU.ActiveCfg = Debug|Any CPU
		{342CDF80-F325-4824-932A-B76B65021002}.AppStore|Any CPU.Build.0 = Debug|Any CPU
		{342CDF80-F325-4824-932A-B76B65021002}.AppStore|iPhone.ActiveCfg = Debug|Any CPU
		{342CDF80-F325-4824-932A-B76B65021002}.AppStore|iPhone.Build.0 = Debug|Any CPU
		{342CDF80-F325-4824-932A-B76B65021002}.AppStore|iPhoneSimulator.ActiveCfg = Debug|Any CPU
		{342CDF80-F325-4824-932A-B76B65021002}.AppStore|iPhoneSimulator.Build.0 = Debug|Any CPU
		{342CDF80-F325-4824-932A-B76B65021002}.Debug|Any CPU.ActiveCfg = Debug|Any CPU
		{342CDF80-F325-4824-932A-B76B65021002}.Debug|Any CPU.Build.0 = Debug|Any CPU
		{342CDF80-F325-4824-932A-B76B65021002}.Debug|iPhone.ActiveCfg = Debug|Any CPU
		{342CDF80-F325-4824-932A-B76B65021002}.Debug|iPhone.Build.0 = Debug|Any CPU
		{342CDF80-F325-4824-932A-B76B65021002}.Debug|iPhoneSimulator.ActiveCfg = Debug|Any CPU
		{342CDF80-F325-4824-932A-B76B65021002}.Debug|iPhoneSimulator.Build.0 = Debug|Any CPU
		{342CDF80-F325-4824-932A-B76B65021002}.Release|Any CPU.ActiveCfg = Release|Any CPU
		{342CDF80-F325-4824-932A-B76B65021002}.Release|Any CPU.Build.0 = Release|Any CPU
		{342CDF80-F325-4824-932A-B76B65021002}.Release|iPhone.ActiveCfg = Release|Any CPU
		{342CDF80-F325-4824-932A-B76B65021002}.Release|iPhone.Build.0 = Release|Any CPU
		{342CDF80-F325-4824-932A-B76B65021002}.Release|iPhoneSimulator.ActiveCfg = Release|Any CPU
		{342CDF80-F325-4824-932A-B76B65021002}.Release|iPhoneSimulator.Build.0 = Release|Any CPU
		{A44438AD-5410-4735-BD37-C87202600B37}.Ad-Hoc|Any CPU.ActiveCfg = Debug|Any CPU
		{A44438AD-5410-4735-BD37-C87202600B37}.Ad-Hoc|Any CPU.Build.0 = Debug|Any CPU
		{A44438AD-5410-4735-BD37-C87202600B37}.Ad-Hoc|iPhone.ActiveCfg = Debug|Any CPU
		{A44438AD-5410-4735-BD37-C87202600B37}.Ad-Hoc|iPhone.Build.0 = Debug|Any CPU
		{A44438AD-5410-4735-BD37-C87202600B37}.Ad-Hoc|iPhoneSimulator.ActiveCfg = Debug|Any CPU
		{A44438AD-5410-4735-BD37-C87202600B37}.Ad-Hoc|iPhoneSimulator.Build.0 = Debug|Any CPU
		{A44438AD-5410-4735-BD37-C87202600B37}.AppStore|Any CPU.ActiveCfg = Debug|Any CPU
		{A44438AD-5410-4735-BD37-C87202600B37}.AppStore|Any CPU.Build.0 = Debug|Any CPU
		{A44438AD-5410-4735-BD37-C87202600B37}.AppStore|iPhone.ActiveCfg = Debug|Any CPU
		{A44438AD-5410-4735-BD37-C87202600B37}.AppStore|iPhone.Build.0 = Debug|Any CPU
		{A44438AD-5410-4735-BD37-C87202600B37}.AppStore|iPhoneSimulator.ActiveCfg = Debug|Any CPU
		{A44438AD-5410-4735-BD37-C87202600B37}.AppStore|iPhoneSimulator.Build.0 = Debug|Any CPU
		{A44438AD-5410-4735-BD37-C87202600B37}.Debug|Any CPU.ActiveCfg = Debug|Any CPU
		{A44438AD-5410-4735-BD37-C87202600B37}.Debug|Any CPU.Build.0 = Debug|Any CPU
		{A44438AD-5410-4735-BD37-C87202600B37}.Debug|iPhone.ActiveCfg = Debug|Any CPU
		{A44438AD-5410-4735-BD37-C87202600B37}.Debug|iPhone.Build.0 = Debug|Any CPU
		{A44438AD-5410-4735-BD37-C87202600B37}.Debug|iPhoneSimulator.ActiveCfg = Debug|Any CPU
		{A44438AD-5410-4735-BD37-C87202600B37}.Debug|iPhoneSimulator.Build.0 = Debug|Any CPU
		{A44438AD-5410-4735-BD37-C87202600B37}.Release|Any CPU.ActiveCfg = Release|Any CPU
		{A44438AD-5410-4735-BD37-C87202600B37}.Release|Any CPU.Build.0 = Release|Any CPU
		{A44438AD-5410-4735-BD37-C87202600B37}.Release|iPhone.ActiveCfg = Release|Any CPU
		{A44438AD-5410-4735-BD37-C87202600B37}.Release|iPhone.Build.0 = Release|Any CPU
		{A44438AD-5410-4735-BD37-C87202600B37}.Release|iPhoneSimulator.ActiveCfg = Release|Any CPU
		{A44438AD-5410-4735-BD37-C87202600B37}.Release|iPhoneSimulator.Build.0 = Release|Any CPU
		{8DC7D75E-D835-4857-84C0-B66AEDE44A9A}.Ad-Hoc|Any CPU.ActiveCfg = Debug|Any CPU
		{8DC7D75E-D835-4857-84C0-B66AEDE44A9A}.Ad-Hoc|Any CPU.Build.0 = Debug|Any CPU
		{8DC7D75E-D835-4857-84C0-B66AEDE44A9A}.Ad-Hoc|iPhone.ActiveCfg = Debug|Any CPU
		{8DC7D75E-D835-4857-84C0-B66AEDE44A9A}.Ad-Hoc|iPhone.Build.0 = Debug|Any CPU
		{8DC7D75E-D835-4857-84C0-B66AEDE44A9A}.Ad-Hoc|iPhoneSimulator.ActiveCfg = Debug|Any CPU
		{8DC7D75E-D835-4857-84C0-B66AEDE44A9A}.Ad-Hoc|iPhoneSimulator.Build.0 = Debug|Any CPU
		{8DC7D75E-D835-4857-84C0-B66AEDE44A9A}.AppStore|Any CPU.ActiveCfg = Debug|Any CPU
		{8DC7D75E-D835-4857-84C0-B66AEDE44A9A}.AppStore|Any CPU.Build.0 = Debug|Any CPU
		{8DC7D75E-D835-4857-84C0-B66AEDE44A9A}.AppStore|iPhone.ActiveCfg = Debug|Any CPU
		{8DC7D75E-D835-4857-84C0-B66AEDE44A9A}.AppStore|iPhone.Build.0 = Debug|Any CPU
		{8DC7D75E-D835-4857-84C0-B66AEDE44A9A}.AppStore|iPhoneSimulator.ActiveCfg = Debug|Any CPU
		{8DC7D75E-D835-4857-84C0-B66AEDE44A9A}.AppStore|iPhoneSimulator.Build.0 = Debug|Any CPU
		{8DC7D75E-D835-4857-84C0-B66AEDE44A9A}.Debug|Any CPU.ActiveCfg = Debug|Any CPU
		{8DC7D75E-D835-4857-84C0-B66AEDE44A9A}.Debug|Any CPU.Build.0 = Debug|Any CPU
		{8DC7D75E-D835-4857-84C0-B66AEDE44A9A}.Debug|iPhone.ActiveCfg = Debug|Any CPU
		{8DC7D75E-D835-4857-84C0-B66AEDE44A9A}.Debug|iPhone.Build.0 = Debug|Any CPU
		{8DC7D75E-D835-4857-84C0-B66AEDE44A9A}.Debug|iPhoneSimulator.ActiveCfg = Debug|Any CPU
		{8DC7D75E-D835-4857-84C0-B66AEDE44A9A}.Debug|iPhoneSimulator.Build.0 = Debug|Any CPU
		{8DC7D75E-D835-4857-84C0-B66AEDE44A9A}.Release|Any CPU.ActiveCfg = Release|Any CPU
		{8DC7D75E-D835-4857-84C0-B66AEDE44A9A}.Release|Any CPU.Build.0 = Release|Any CPU
		{8DC7D75E-D835-4857-84C0-B66AEDE44A9A}.Release|iPhone.ActiveCfg = Release|Any CPU
		{8DC7D75E-D835-4857-84C0-B66AEDE44A9A}.Release|iPhone.Build.0 = Release|Any CPU
		{8DC7D75E-D835-4857-84C0-B66AEDE44A9A}.Release|iPhoneSimulator.ActiveCfg = Release|Any CPU
		{8DC7D75E-D835-4857-84C0-B66AEDE44A9A}.Release|iPhoneSimulator.Build.0 = Release|Any CPU
		{1D5DF474-E814-4161-A1B1-AE0F45625F90}.Ad-Hoc|Any CPU.ActiveCfg = Debug|Any CPU
		{1D5DF474-E814-4161-A1B1-AE0F45625F90}.Ad-Hoc|Any CPU.Build.0 = Debug|Any CPU
		{1D5DF474-E814-4161-A1B1-AE0F45625F90}.Ad-Hoc|iPhone.ActiveCfg = Debug|Any CPU
		{1D5DF474-E814-4161-A1B1-AE0F45625F90}.Ad-Hoc|iPhone.Build.0 = Debug|Any CPU
		{1D5DF474-E814-4161-A1B1-AE0F45625F90}.Ad-Hoc|iPhoneSimulator.ActiveCfg = Debug|Any CPU
		{1D5DF474-E814-4161-A1B1-AE0F45625F90}.Ad-Hoc|iPhoneSimulator.Build.0 = Debug|Any CPU
		{1D5DF474-E814-4161-A1B1-AE0F45625F90}.AppStore|Any CPU.ActiveCfg = Debug|Any CPU
		{1D5DF474-E814-4161-A1B1-AE0F45625F90}.AppStore|Any CPU.Build.0 = Debug|Any CPU
		{1D5DF474-E814-4161-A1B1-AE0F45625F90}.AppStore|iPhone.ActiveCfg = Debug|Any CPU
		{1D5DF474-E814-4161-A1B1-AE0F45625F90}.AppStore|iPhone.Build.0 = Debug|Any CPU
		{1D5DF474-E814-4161-A1B1-AE0F45625F90}.AppStore|iPhoneSimulator.ActiveCfg = Debug|Any CPU
		{1D5DF474-E814-4161-A1B1-AE0F45625F90}.AppStore|iPhoneSimulator.Build.0 = Debug|Any CPU
		{1D5DF474-E814-4161-A1B1-AE0F45625F90}.Debug|Any CPU.ActiveCfg = Debug|Any CPU
		{1D5DF474-E814-4161-A1B1-AE0F45625F90}.Debug|Any CPU.Build.0 = Debug|Any CPU
		{1D5DF474-E814-4161-A1B1-AE0F45625F90}.Debug|iPhone.ActiveCfg = Debug|Any CPU
		{1D5DF474-E814-4161-A1B1-AE0F45625F90}.Debug|iPhone.Build.0 = Debug|Any CPU
		{1D5DF474-E814-4161-A1B1-AE0F45625F90}.Debug|iPhoneSimulator.ActiveCfg = Debug|Any CPU
		{1D5DF474-E814-4161-A1B1-AE0F45625F90}.Debug|iPhoneSimulator.Build.0 = Debug|Any CPU
		{1D5DF474-E814-4161-A1B1-AE0F45625F90}.Release|Any CPU.ActiveCfg = Release|Any CPU
		{1D5DF474-E814-4161-A1B1-AE0F45625F90}.Release|Any CPU.Build.0 = Release|Any CPU
		{1D5DF474-E814-4161-A1B1-AE0F45625F90}.Release|iPhone.ActiveCfg = Release|Any CPU
		{1D5DF474-E814-4161-A1B1-AE0F45625F90}.Release|iPhone.Build.0 = Release|Any CPU
		{1D5DF474-E814-4161-A1B1-AE0F45625F90}.Release|iPhoneSimulator.ActiveCfg = Release|Any CPU
		{1D5DF474-E814-4161-A1B1-AE0F45625F90}.Release|iPhoneSimulator.Build.0 = Release|Any CPU
		{7C006BD3-F95F-4F9A-B1CB-FDA830B226F9}.Ad-Hoc|Any CPU.ActiveCfg = Debug|Any CPU
		{7C006BD3-F95F-4F9A-B1CB-FDA830B226F9}.Ad-Hoc|Any CPU.Build.0 = Debug|Any CPU
		{7C006BD3-F95F-4F9A-B1CB-FDA830B226F9}.Ad-Hoc|iPhone.ActiveCfg = Debug|Any CPU
		{7C006BD3-F95F-4F9A-B1CB-FDA830B226F9}.Ad-Hoc|iPhone.Build.0 = Debug|Any CPU
		{7C006BD3-F95F-4F9A-B1CB-FDA830B226F9}.Ad-Hoc|iPhoneSimulator.ActiveCfg = Debug|Any CPU
		{7C006BD3-F95F-4F9A-B1CB-FDA830B226F9}.Ad-Hoc|iPhoneSimulator.Build.0 = Debug|Any CPU
		{7C006BD3-F95F-4F9A-B1CB-FDA830B226F9}.AppStore|Any CPU.ActiveCfg = Debug|Any CPU
		{7C006BD3-F95F-4F9A-B1CB-FDA830B226F9}.AppStore|Any CPU.Build.0 = Debug|Any CPU
		{7C006BD3-F95F-4F9A-B1CB-FDA830B226F9}.AppStore|iPhone.ActiveCfg = Debug|Any CPU
		{7C006BD3-F95F-4F9A-B1CB-FDA830B226F9}.AppStore|iPhone.Build.0 = Debug|Any CPU
		{7C006BD3-F95F-4F9A-B1CB-FDA830B226F9}.AppStore|iPhoneSimulator.ActiveCfg = Debug|Any CPU
		{7C006BD3-F95F-4F9A-B1CB-FDA830B226F9}.AppStore|iPhoneSimulator.Build.0 = Debug|Any CPU
		{7C006BD3-F95F-4F9A-B1CB-FDA830B226F9}.Debug|Any CPU.ActiveCfg = Debug|Any CPU
		{7C006BD3-F95F-4F9A-B1CB-FDA830B226F9}.Debug|Any CPU.Build.0 = Debug|Any CPU
		{7C006BD3-F95F-4F9A-B1CB-FDA830B226F9}.Debug|iPhone.ActiveCfg = Debug|Any CPU
		{7C006BD3-F95F-4F9A-B1CB-FDA830B226F9}.Debug|iPhone.Build.0 = Debug|Any CPU
		{7C006BD3-F95F-4F9A-B1CB-FDA830B226F9}.Debug|iPhoneSimulator.ActiveCfg = Debug|Any CPU
		{7C006BD3-F95F-4F9A-B1CB-FDA830B226F9}.Debug|iPhoneSimulator.Build.0 = Debug|Any CPU
		{7C006BD3-F95F-4F9A-B1CB-FDA830B226F9}.Release|Any CPU.ActiveCfg = Release|Any CPU
		{7C006BD3-F95F-4F9A-B1CB-FDA830B226F9}.Release|Any CPU.Build.0 = Release|Any CPU
		{7C006BD3-F95F-4F9A-B1CB-FDA830B226F9}.Release|iPhone.ActiveCfg = Release|Any CPU
		{7C006BD3-F95F-4F9A-B1CB-FDA830B226F9}.Release|iPhone.Build.0 = Release|Any CPU
		{7C006BD3-F95F-4F9A-B1CB-FDA830B226F9}.Release|iPhoneSimulator.ActiveCfg = Release|Any CPU
		{7C006BD3-F95F-4F9A-B1CB-FDA830B226F9}.Release|iPhoneSimulator.Build.0 = Release|Any CPU
		{E7FA2474-7B19-47AE-ABCE-7F5948D3A7B1}.Ad-Hoc|Any CPU.ActiveCfg = Debug|Any CPU
		{E7FA2474-7B19-47AE-ABCE-7F5948D3A7B1}.Ad-Hoc|Any CPU.Build.0 = Debug|Any CPU
		{E7FA2474-7B19-47AE-ABCE-7F5948D3A7B1}.Ad-Hoc|iPhone.ActiveCfg = Debug|Any CPU
		{E7FA2474-7B19-47AE-ABCE-7F5948D3A7B1}.Ad-Hoc|iPhone.Build.0 = Debug|Any CPU
		{E7FA2474-7B19-47AE-ABCE-7F5948D3A7B1}.Ad-Hoc|iPhoneSimulator.ActiveCfg = Debug|Any CPU
		{E7FA2474-7B19-47AE-ABCE-7F5948D3A7B1}.Ad-Hoc|iPhoneSimulator.Build.0 = Debug|Any CPU
		{E7FA2474-7B19-47AE-ABCE-7F5948D3A7B1}.AppStore|Any CPU.ActiveCfg = Debug|Any CPU
		{E7FA2474-7B19-47AE-ABCE-7F5948D3A7B1}.AppStore|Any CPU.Build.0 = Debug|Any CPU
		{E7FA2474-7B19-47AE-ABCE-7F5948D3A7B1}.AppStore|iPhone.ActiveCfg = Debug|Any CPU
		{E7FA2474-7B19-47AE-ABCE-7F5948D3A7B1}.AppStore|iPhone.Build.0 = Debug|Any CPU
		{E7FA2474-7B19-47AE-ABCE-7F5948D3A7B1}.AppStore|iPhoneSimulator.ActiveCfg = Debug|Any CPU
		{E7FA2474-7B19-47AE-ABCE-7F5948D3A7B1}.AppStore|iPhoneSimulator.Build.0 = Debug|Any CPU
		{E7FA2474-7B19-47AE-ABCE-7F5948D3A7B1}.Debug|Any CPU.ActiveCfg = Debug|Any CPU
		{E7FA2474-7B19-47AE-ABCE-7F5948D3A7B1}.Debug|Any CPU.Build.0 = Debug|Any CPU
		{E7FA2474-7B19-47AE-ABCE-7F5948D3A7B1}.Debug|iPhone.ActiveCfg = Debug|Any CPU
		{E7FA2474-7B19-47AE-ABCE-7F5948D3A7B1}.Debug|iPhone.Build.0 = Debug|Any CPU
		{E7FA2474-7B19-47AE-ABCE-7F5948D3A7B1}.Debug|iPhoneSimulator.ActiveCfg = Debug|Any CPU
		{E7FA2474-7B19-47AE-ABCE-7F5948D3A7B1}.Debug|iPhoneSimulator.Build.0 = Debug|Any CPU
		{E7FA2474-7B19-47AE-ABCE-7F5948D3A7B1}.Release|Any CPU.ActiveCfg = Release|Any CPU
		{E7FA2474-7B19-47AE-ABCE-7F5948D3A7B1}.Release|Any CPU.Build.0 = Release|Any CPU
		{E7FA2474-7B19-47AE-ABCE-7F5948D3A7B1}.Release|iPhone.ActiveCfg = Release|Any CPU
		{E7FA2474-7B19-47AE-ABCE-7F5948D3A7B1}.Release|iPhone.Build.0 = Release|Any CPU
		{E7FA2474-7B19-47AE-ABCE-7F5948D3A7B1}.Release|iPhoneSimulator.ActiveCfg = Release|Any CPU
		{E7FA2474-7B19-47AE-ABCE-7F5948D3A7B1}.Release|iPhoneSimulator.Build.0 = Release|Any CPU
		{0DD1F473-2487-4904-B75F-D760B4EFEF0C}.Ad-Hoc|Any CPU.ActiveCfg = Debug|Any CPU
		{0DD1F473-2487-4904-B75F-D760B4EFEF0C}.Ad-Hoc|Any CPU.Build.0 = Debug|Any CPU
		{0DD1F473-2487-4904-B75F-D760B4EFEF0C}.Ad-Hoc|Any CPU.Deploy.0 = Debug|Any CPU
		{0DD1F473-2487-4904-B75F-D760B4EFEF0C}.Ad-Hoc|iPhone.ActiveCfg = Debug|Any CPU
		{0DD1F473-2487-4904-B75F-D760B4EFEF0C}.Ad-Hoc|iPhone.Build.0 = Debug|Any CPU
		{0DD1F473-2487-4904-B75F-D760B4EFEF0C}.Ad-Hoc|iPhone.Deploy.0 = Debug|Any CPU
		{0DD1F473-2487-4904-B75F-D760B4EFEF0C}.Ad-Hoc|iPhoneSimulator.ActiveCfg = Debug|Any CPU
		{0DD1F473-2487-4904-B75F-D760B4EFEF0C}.Ad-Hoc|iPhoneSimulator.Build.0 = Debug|Any CPU
		{0DD1F473-2487-4904-B75F-D760B4EFEF0C}.Ad-Hoc|iPhoneSimulator.Deploy.0 = Debug|Any CPU
		{0DD1F473-2487-4904-B75F-D760B4EFEF0C}.AppStore|Any CPU.ActiveCfg = Debug|Any CPU
		{0DD1F473-2487-4904-B75F-D760B4EFEF0C}.AppStore|Any CPU.Build.0 = Debug|Any CPU
		{0DD1F473-2487-4904-B75F-D760B4EFEF0C}.AppStore|Any CPU.Deploy.0 = Debug|Any CPU
		{0DD1F473-2487-4904-B75F-D760B4EFEF0C}.AppStore|iPhone.ActiveCfg = Debug|Any CPU
		{0DD1F473-2487-4904-B75F-D760B4EFEF0C}.AppStore|iPhone.Build.0 = Debug|Any CPU
		{0DD1F473-2487-4904-B75F-D760B4EFEF0C}.AppStore|iPhone.Deploy.0 = Debug|Any CPU
		{0DD1F473-2487-4904-B75F-D760B4EFEF0C}.AppStore|iPhoneSimulator.ActiveCfg = Debug|Any CPU
		{0DD1F473-2487-4904-B75F-D760B4EFEF0C}.AppStore|iPhoneSimulator.Build.0 = Debug|Any CPU
		{0DD1F473-2487-4904-B75F-D760B4EFEF0C}.AppStore|iPhoneSimulator.Deploy.0 = Debug|Any CPU
		{0DD1F473-2487-4904-B75F-D760B4EFEF0C}.Debug|Any CPU.ActiveCfg = Debug|Any CPU
		{0DD1F473-2487-4904-B75F-D760B4EFEF0C}.Debug|Any CPU.Build.0 = Debug|Any CPU
		{0DD1F473-2487-4904-B75F-D760B4EFEF0C}.Debug|Any CPU.Deploy.0 = Debug|Any CPU
		{0DD1F473-2487-4904-B75F-D760B4EFEF0C}.Debug|iPhone.ActiveCfg = Debug|Any CPU
		{0DD1F473-2487-4904-B75F-D760B4EFEF0C}.Debug|iPhone.Build.0 = Debug|Any CPU
		{0DD1F473-2487-4904-B75F-D760B4EFEF0C}.Debug|iPhone.Deploy.0 = Debug|Any CPU
		{0DD1F473-2487-4904-B75F-D760B4EFEF0C}.Debug|iPhoneSimulator.ActiveCfg = Debug|Any CPU
		{0DD1F473-2487-4904-B75F-D760B4EFEF0C}.Debug|iPhoneSimulator.Build.0 = Debug|Any CPU
		{0DD1F473-2487-4904-B75F-D760B4EFEF0C}.Debug|iPhoneSimulator.Deploy.0 = Debug|Any CPU
		{0DD1F473-2487-4904-B75F-D760B4EFEF0C}.Release|Any CPU.ActiveCfg = Release|Any CPU
		{0DD1F473-2487-4904-B75F-D760B4EFEF0C}.Release|Any CPU.Build.0 = Release|Any CPU
		{0DD1F473-2487-4904-B75F-D760B4EFEF0C}.Release|Any CPU.Deploy.0 = Release|Any CPU
		{0DD1F473-2487-4904-B75F-D760B4EFEF0C}.Release|iPhone.ActiveCfg = Release|Any CPU
		{0DD1F473-2487-4904-B75F-D760B4EFEF0C}.Release|iPhone.Build.0 = Release|Any CPU
		{0DD1F473-2487-4904-B75F-D760B4EFEF0C}.Release|iPhone.Deploy.0 = Release|Any CPU
		{0DD1F473-2487-4904-B75F-D760B4EFEF0C}.Release|iPhoneSimulator.ActiveCfg = Release|Any CPU
		{0DD1F473-2487-4904-B75F-D760B4EFEF0C}.Release|iPhoneSimulator.Build.0 = Release|Any CPU
		{0DD1F473-2487-4904-B75F-D760B4EFEF0C}.Release|iPhoneSimulator.Deploy.0 = Release|Any CPU
		{CF4713C8-F8FE-4ADA-8337-94FEF9523931}.Ad-Hoc|Any CPU.ActiveCfg = Ad-Hoc|iPhoneSimulator
		{CF4713C8-F8FE-4ADA-8337-94FEF9523931}.Ad-Hoc|Any CPU.Build.0 = Ad-Hoc|iPhoneSimulator
		{CF4713C8-F8FE-4ADA-8337-94FEF9523931}.Ad-Hoc|iPhone.ActiveCfg = Ad-Hoc|iPhone
		{CF4713C8-F8FE-4ADA-8337-94FEF9523931}.Ad-Hoc|iPhone.Build.0 = Ad-Hoc|iPhone
		{CF4713C8-F8FE-4ADA-8337-94FEF9523931}.Ad-Hoc|iPhoneSimulator.ActiveCfg = Ad-Hoc|iPhoneSimulator
		{CF4713C8-F8FE-4ADA-8337-94FEF9523931}.Ad-Hoc|iPhoneSimulator.Build.0 = Ad-Hoc|iPhoneSimulator
		{CF4713C8-F8FE-4ADA-8337-94FEF9523931}.AppStore|Any CPU.ActiveCfg = AppStore|iPhoneSimulator
		{CF4713C8-F8FE-4ADA-8337-94FEF9523931}.AppStore|Any CPU.Build.0 = AppStore|iPhoneSimulator
		{CF4713C8-F8FE-4ADA-8337-94FEF9523931}.AppStore|iPhone.ActiveCfg = AppStore|iPhone
		{CF4713C8-F8FE-4ADA-8337-94FEF9523931}.AppStore|iPhone.Build.0 = AppStore|iPhone
		{CF4713C8-F8FE-4ADA-8337-94FEF9523931}.AppStore|iPhoneSimulator.ActiveCfg = AppStore|iPhoneSimulator
		{CF4713C8-F8FE-4ADA-8337-94FEF9523931}.AppStore|iPhoneSimulator.Build.0 = AppStore|iPhoneSimulator
		{CF4713C8-F8FE-4ADA-8337-94FEF9523931}.Debug|Any CPU.ActiveCfg = Debug|iPhoneSimulator
		{CF4713C8-F8FE-4ADA-8337-94FEF9523931}.Debug|Any CPU.Build.0 = Debug|iPhoneSimulator
		{CF4713C8-F8FE-4ADA-8337-94FEF9523931}.Debug|iPhone.ActiveCfg = Debug|iPhone
		{CF4713C8-F8FE-4ADA-8337-94FEF9523931}.Debug|iPhone.Build.0 = Debug|iPhone
		{CF4713C8-F8FE-4ADA-8337-94FEF9523931}.Debug|iPhoneSimulator.ActiveCfg = Debug|iPhoneSimulator
		{CF4713C8-F8FE-4ADA-8337-94FEF9523931}.Debug|iPhoneSimulator.Build.0 = Debug|iPhoneSimulator
		{CF4713C8-F8FE-4ADA-8337-94FEF9523931}.Release|Any CPU.ActiveCfg = Release|iPhoneSimulator
		{CF4713C8-F8FE-4ADA-8337-94FEF9523931}.Release|Any CPU.Build.0 = Release|iPhoneSimulator
		{CF4713C8-F8FE-4ADA-8337-94FEF9523931}.Release|iPhone.ActiveCfg = Release|iPhone
		{CF4713C8-F8FE-4ADA-8337-94FEF9523931}.Release|iPhone.Build.0 = Release|iPhone
		{CF4713C8-F8FE-4ADA-8337-94FEF9523931}.Release|iPhoneSimulator.ActiveCfg = Release|iPhoneSimulator
		{CF4713C8-F8FE-4ADA-8337-94FEF9523931}.Release|iPhoneSimulator.Build.0 = Release|iPhoneSimulator
		{AC9E8B5D-24A3-43CD-AB7D-298D07F81B9D}.Ad-Hoc|Any CPU.ActiveCfg = Debug|Any CPU
		{AC9E8B5D-24A3-43CD-AB7D-298D07F81B9D}.Ad-Hoc|Any CPU.Build.0 = Debug|Any CPU
		{AC9E8B5D-24A3-43CD-AB7D-298D07F81B9D}.Ad-Hoc|Any CPU.Deploy.0 = Debug|Any CPU
		{AC9E8B5D-24A3-43CD-AB7D-298D07F81B9D}.Ad-Hoc|iPhone.ActiveCfg = Debug|Any CPU
		{AC9E8B5D-24A3-43CD-AB7D-298D07F81B9D}.Ad-Hoc|iPhone.Build.0 = Debug|Any CPU
		{AC9E8B5D-24A3-43CD-AB7D-298D07F81B9D}.Ad-Hoc|iPhone.Deploy.0 = Debug|Any CPU
		{AC9E8B5D-24A3-43CD-AB7D-298D07F81B9D}.Ad-Hoc|iPhoneSimulator.ActiveCfg = Debug|Any CPU
		{AC9E8B5D-24A3-43CD-AB7D-298D07F81B9D}.Ad-Hoc|iPhoneSimulator.Build.0 = Debug|Any CPU
		{AC9E8B5D-24A3-43CD-AB7D-298D07F81B9D}.Ad-Hoc|iPhoneSimulator.Deploy.0 = Debug|Any CPU
		{AC9E8B5D-24A3-43CD-AB7D-298D07F81B9D}.AppStore|Any CPU.ActiveCfg = Debug|Any CPU
		{AC9E8B5D-24A3-43CD-AB7D-298D07F81B9D}.AppStore|Any CPU.Build.0 = Debug|Any CPU
		{AC9E8B5D-24A3-43CD-AB7D-298D07F81B9D}.AppStore|Any CPU.Deploy.0 = Debug|Any CPU
		{AC9E8B5D-24A3-43CD-AB7D-298D07F81B9D}.AppStore|iPhone.ActiveCfg = Debug|Any CPU
		{AC9E8B5D-24A3-43CD-AB7D-298D07F81B9D}.AppStore|iPhone.Build.0 = Debug|Any CPU
		{AC9E8B5D-24A3-43CD-AB7D-298D07F81B9D}.AppStore|iPhone.Deploy.0 = Debug|Any CPU
		{AC9E8B5D-24A3-43CD-AB7D-298D07F81B9D}.AppStore|iPhoneSimulator.ActiveCfg = Debug|Any CPU
		{AC9E8B5D-24A3-43CD-AB7D-298D07F81B9D}.AppStore|iPhoneSimulator.Build.0 = Debug|Any CPU
		{AC9E8B5D-24A3-43CD-AB7D-298D07F81B9D}.AppStore|iPhoneSimulator.Deploy.0 = Debug|Any CPU
		{AC9E8B5D-24A3-43CD-AB7D-298D07F81B9D}.Debug|Any CPU.ActiveCfg = Debug|Any CPU
		{AC9E8B5D-24A3-43CD-AB7D-298D07F81B9D}.Debug|Any CPU.Build.0 = Debug|Any CPU
		{AC9E8B5D-24A3-43CD-AB7D-298D07F81B9D}.Debug|Any CPU.Deploy.0 = Debug|Any CPU
		{AC9E8B5D-24A3-43CD-AB7D-298D07F81B9D}.Debug|iPhone.ActiveCfg = Debug|Any CPU
		{AC9E8B5D-24A3-43CD-AB7D-298D07F81B9D}.Debug|iPhone.Build.0 = Debug|Any CPU
		{AC9E8B5D-24A3-43CD-AB7D-298D07F81B9D}.Debug|iPhone.Deploy.0 = Debug|Any CPU
		{AC9E8B5D-24A3-43CD-AB7D-298D07F81B9D}.Debug|iPhoneSimulator.ActiveCfg = Debug|Any CPU
		{AC9E8B5D-24A3-43CD-AB7D-298D07F81B9D}.Debug|iPhoneSimulator.Build.0 = Debug|Any CPU
		{AC9E8B5D-24A3-43CD-AB7D-298D07F81B9D}.Debug|iPhoneSimulator.Deploy.0 = Debug|Any CPU
		{AC9E8B5D-24A3-43CD-AB7D-298D07F81B9D}.Release|Any CPU.ActiveCfg = Release|Any CPU
		{AC9E8B5D-24A3-43CD-AB7D-298D07F81B9D}.Release|Any CPU.Build.0 = Release|Any CPU
		{AC9E8B5D-24A3-43CD-AB7D-298D07F81B9D}.Release|Any CPU.Deploy.0 = Release|Any CPU
		{AC9E8B5D-24A3-43CD-AB7D-298D07F81B9D}.Release|iPhone.ActiveCfg = Release|Any CPU
		{AC9E8B5D-24A3-43CD-AB7D-298D07F81B9D}.Release|iPhone.Build.0 = Release|Any CPU
		{AC9E8B5D-24A3-43CD-AB7D-298D07F81B9D}.Release|iPhone.Deploy.0 = Release|Any CPU
		{AC9E8B5D-24A3-43CD-AB7D-298D07F81B9D}.Release|iPhoneSimulator.ActiveCfg = Release|Any CPU
		{AC9E8B5D-24A3-43CD-AB7D-298D07F81B9D}.Release|iPhoneSimulator.Build.0 = Release|Any CPU
		{AC9E8B5D-24A3-43CD-AB7D-298D07F81B9D}.Release|iPhoneSimulator.Deploy.0 = Release|Any CPU
	EndGlobalSection
	GlobalSection(SolutionProperties) = preSolution
		HideSolutionNode = FALSE
	EndGlobalSection
	GlobalSection(NestedProjects) = preSolution
		{715BA20D-E780-4E20-8372-9B063A5A6950} = {706512A0-2806-46AA-B6C9-FAE8993BFFD1}
		{A1B6BAD5-EFB9-44CF-9D98-7B42B57F12BC} = {706512A0-2806-46AA-B6C9-FAE8993BFFD1}
		{F99D47FF-E175-4BB7-BA1D-D1FB217BEBAC} = {706512A0-2806-46AA-B6C9-FAE8993BFFD1}
		{1D5DF474-E814-4161-A1B1-AE0F45625F90} = {D14089B6-6DF2-4E5B-A784-82D0920633BE}
		{7C006BD3-F95F-4F9A-B1CB-FDA830B226F9} = {0E442DC8-5726-4DBC-989D-F6CE20287458}
		{B2B37A1E-EA3C-44C6-A397-BD08452BAF85} = {706512A0-2806-46AA-B6C9-FAE8993BFFD1}
		{E7FA2474-7B19-47AE-ABCE-7F5948D3A7B1} = {F99D47FF-E175-4BB7-BA1D-D1FB217BEBAC}
		{0DD1F473-2487-4904-B75F-D760B4EFEF0C} = {F99D47FF-E175-4BB7-BA1D-D1FB217BEBAC}
		{CF4713C8-F8FE-4ADA-8337-94FEF9523931} = {F99D47FF-E175-4BB7-BA1D-D1FB217BEBAC}
		{AC9E8B5D-24A3-43CD-AB7D-298D07F81B9D} = {B2B37A1E-EA3C-44C6-A397-BD08452BAF85}
	EndGlobalSection
	GlobalSection(ExtensibilityGlobals) = postSolution
		SolutionGuid = {C4997464-B559-4975-857E-17534EA70848}
	EndGlobalSection
EndGlobal
