
Microsoft Visual Studio Solution File, Format Version 12.00
# Visual Studio Version 16
VisualStudioVersion = 16.0.30011.22
MinimumVisualStudioVersion = 10.0.40219.1
Project("{FAE04EC0-301F-11D3-BF4B-00C04F79EFBC}") = "Apizr", "Apizr\Apizr.csproj", "{B83591E8-0237-4A06-A3C1-4E24FE2C08C3}"
EndProject
Project("{FAE04EC0-301F-11D3-BF4B-00C04F79EFBC}") = "Apizr.Extensions.Microsoft.DependencyInjection", "Apizr.Extensions.Microsoft.DependencyInjection\Apizr.Extensions.Microsoft.DependencyInjection.csproj", "{F224219D-10FC-4F16-B573-40D4348DE8DD}"
EndProject
Project("{FAE04EC0-301F-11D3-BF4B-00C04F79EFBC}") = "Apizr.Extensions.Shiny", "Apizr.Extensions.Shiny\Apizr.Extensions.Shiny.csproj", "{D08772A9-9AF6-4B5F-A5EA-6494000E02B7}"
EndProject
Project("{FAE04EC0-301F-11D3-BF4B-00C04F79EFBC}") = "Apizr.Integrations.Akavache", "Apizr.Integrations.Akavache\Apizr.Integrations.Akavache.csproj", "{C199D5BC-948F-44F0-BF1C-05AED1B9F17B}"
EndProject
Project("{2150E333-8FDC-42A3-9474-1A3956D46DE8}") = "Samples", "Samples", "{706512A0-2806-46AA-B6C9-FAE8993BFFD1}"
EndProject
Project("{FAE04EC0-301F-11D3-BF4B-00C04F79EFBC}") = "Apizr.Sample.Console", "Samples\Apizr.Sample.Console\Apizr.Sample.Console.csproj", "{715BA20D-E780-4E20-8372-9B063A5A6950}"
EndProject
Project("{FAE04EC0-301F-11D3-BF4B-00C04F79EFBC}") = "Apizr.Sample.Api", "Samples\Apizr.Sample.Api\Apizr.Sample.Api.csproj", "{A1B6BAD5-EFB9-44CF-9D98-7B42B57F12BC}"
EndProject
Global
	GlobalSection(SolutionConfigurationPlatforms) = preSolution
		Debug|Any CPU = Debug|Any CPU
		Release|Any CPU = Release|Any CPU
	EndGlobalSection
	GlobalSection(ProjectConfigurationPlatforms) = postSolution
		{B83591E8-0237-4A06-A3C1-4E24FE2C08C3}.Debug|Any CPU.ActiveCfg = Debug|Any CPU
		{B83591E8-0237-4A06-A3C1-4E24FE2C08C3}.Debug|Any CPU.Build.0 = Debug|Any CPU
		{B83591E8-0237-4A06-A3C1-4E24FE2C08C3}.Release|Any CPU.ActiveCfg = Release|Any CPU
		{B83591E8-0237-4A06-A3C1-4E24FE2C08C3}.Release|Any CPU.Build.0 = Release|Any CPU
		{F224219D-10FC-4F16-B573-40D4348DE8DD}.Debug|Any CPU.ActiveCfg = Debug|Any CPU
		{F224219D-10FC-4F16-B573-40D4348DE8DD}.Debug|Any CPU.Build.0 = Debug|Any CPU
		{F224219D-10FC-4F16-B573-40D4348DE8DD}.Release|Any CPU.ActiveCfg = Release|Any CPU
		{F224219D-10FC-4F16-B573-40D4348DE8DD}.Release|Any CPU.Build.0 = Release|Any CPU
		{D08772A9-9AF6-4B5F-A5EA-6494000E02B7}.Debug|Any CPU.ActiveCfg = Debug|Any CPU
		{D08772A9-9AF6-4B5F-A5EA-6494000E02B7}.Debug|Any CPU.Build.0 = Debug|Any CPU
		{D08772A9-9AF6-4B5F-A5EA-6494000E02B7}.Release|Any CPU.ActiveCfg = Release|Any CPU
		{D08772A9-9AF6-4B5F-A5EA-6494000E02B7}.Release|Any CPU.Build.0 = Release|Any CPU
		{C199D5BC-948F-44F0-BF1C-05AED1B9F17B}.Debug|Any CPU.ActiveCfg = Debug|Any CPU
		{C199D5BC-948F-44F0-BF1C-05AED1B9F17B}.Debug|Any CPU.Build.0 = Debug|Any CPU
		{C199D5BC-948F-44F0-BF1C-05AED1B9F17B}.Release|Any CPU.ActiveCfg = Release|Any CPU
		{C199D5BC-948F-44F0-BF1C-05AED1B9F17B}.Release|Any CPU.Build.0 = Release|Any CPU
		{715BA20D-E780-4E20-8372-9B063A5A6950}.Debug|Any CPU.ActiveCfg = Debug|Any CPU
		{715BA20D-E780-4E20-8372-9B063A5A6950}.Debug|Any CPU.Build.0 = Debug|Any CPU
		{715BA20D-E780-4E20-8372-9B063A5A6950}.Release|Any CPU.ActiveCfg = Release|Any CPU
		{715BA20D-E780-4E20-8372-9B063A5A6950}.Release|Any CPU.Build.0 = Release|Any CPU
		{A1B6BAD5-EFB9-44CF-9D98-7B42B57F12BC}.Debug|Any CPU.ActiveCfg = Debug|Any CPU
		{A1B6BAD5-EFB9-44CF-9D98-7B42B57F12BC}.Debug|Any CPU.Build.0 = Debug|Any CPU
		{A1B6BAD5-EFB9-44CF-9D98-7B42B57F12BC}.Release|Any CPU.ActiveCfg = Release|Any CPU
		{A1B6BAD5-EFB9-44CF-9D98-7B42B57F12BC}.Release|Any CPU.Build.0 = Release|Any CPU
	EndGlobalSection
	GlobalSection(SolutionProperties) = preSolution
		HideSolutionNode = FALSE
	EndGlobalSection
	GlobalSection(NestedProjects) = preSolution
		{715BA20D-E780-4E20-8372-9B063A5A6950} = {706512A0-2806-46AA-B6C9-FAE8993BFFD1}
		{A1B6BAD5-EFB9-44CF-9D98-7B42B57F12BC} = {706512A0-2806-46AA-B6C9-FAE8993BFFD1}
	EndGlobalSection
	GlobalSection(ExtensibilityGlobals) = postSolution
		SolutionGuid = {C4997464-B559-4975-857E-17534EA70848}
	EndGlobalSection
EndGlobal
